# THIS IS AN AUTOGENERATED FILE. DO NOT EDIT THIS FILE DIRECTLY.
# yarn lockfile v1


"@citizenfx/client@^2.0.4348-1":
  version "2.0.4348-1"
  resolved "https://registry.yarnpkg.com/@citizenfx/client/-/client-2.0.4348-1.tgz#95d1469f35b16e93d6376ae143263369d5991952"
  integrity sha512-iK9S9G5HQZKxlik4p/WBcME8NGp6VMRCJPh4Br9LxYmEmt4EvHoAjkdvbrhqiic8G4d/Hk0HjKpAD6GLjRiozA==

"@citizenfx/server@^2.0.4348-1":
  version "2.0.4348-1"
  resolved "https://registry.yarnpkg.com/@citizenfx/server/-/server-2.0.4348-1.tgz#987540b227241fc99ecbc3b8d7028331166a29aa"
  integrity sha512-lTRWEcayUdEJwBCqII/K9vsr3DJ6bOayt9Rxfb0eMyVedFv5AO1TENDXRKK9+XWAVKevL6x0IZpSZJEafiHPeg==

esbuild@^0.12.19:
  version "0.12.19"
  resolved "https://registry.yarnpkg.com/esbuild/-/esbuild-0.12.19.tgz#ab849766705a5093df5acd8ec2f6ba2159a38a6c"
  integrity sha512-5NuT1G6THW7l3fsSCDkcPepn24R0XtyPjKoqKHD8LfhqMXzCdz0mrS9HgO6hIhzVT7zt0T+JGbzCqF5AH8hS9w==

typescript@^4.3.5:
  version "4.3.5"
  resolved "https://registry.yarnpkg.com/typescript/-/typescript-4.3.5.tgz#4d1c37cc16e893973c45a06886b7113234f119f4"
  integrity sha512-DqQgihaQ9cUrskJo9kIyW/+g0Vxsk8cDtZ52a3NGh0YNTfpUSArXSohyUGnvbPazEPLu398C0UxmKSOrPumUzA==
